
Microsoft Visual Studio Solution File, Format Version 12.00
# Visual Studio Version 17
VisualStudioVersion = 17.2.32505.173
MinimumVisualStudioVersion = 10.0.40219.1
Project("{FAE04EC0-301F-11D3-BF4B-00C04F79EFBC}") = "FishTank.API", "FishTank.API\FishTank.API.csproj", "{7C83291F-ABDB-4635-9C42-9056343420A0}"
EndProject
Global
	GlobalSection(SolutionConfigurationPlatforms) = preSolution
		Debug|Any CPU = Debug|Any CPU
		Release|Any CPU = Release|Any CPU
	EndGlobalSection
	GlobalSection(ProjectConfigurationPlatforms) = postSolution
		{7C83291F-ABDB-4635-9C42-9056343420A0}.Debug|Any CPU.ActiveCfg = Debug|Any CPU
		{7C83291F-ABDB-4635-9C42-9056343420A0}.Debug|Any CPU.Build.0 = Debug|Any CPU
		{7C83291F-ABDB-4635-9C42-9056343420A0}.Release|Any CPU.ActiveCfg = Release|Any CPU
		{7C83291F-ABDB-4635-9C42-9056343420A0}.Release|Any CPU.Build.0 = Release|Any CPU
	EndGlobalSection
	GlobalSection(SolutionProperties) = preSolution
		HideSolutionNode = FALSE
	EndGlobalSection
	GlobalSection(ExtensibilityGlobals) = postSolution
		SolutionGuid = {CBF3E681-93B8-4D31-92E1-64511A3F65D7}
	EndGlobalSection
EndGlobal
